Microsoft Visual Studio Solution File, Format Version 12.00
# Visual Studio Version 17
VisualStudioVersion = 17.5.2.0
MinimumVisualStudioVersion = 10.0.40219.1
Project("{FAE04EC0-301F-11D3-BF4B-00C04F79EFBC}") = "ResetCamera", "ResetCamera.csproj", "{7D657E24-8901-D0F8-FF86-D9328311879E}"
EndProject
Global
	GlobalSection(SolutionConfigurationPlatforms) = preSolution
		Debug|Any CPU = Debug|Any CPU
		Release|Any CPU = Release|Any CPU
	EndGlobalSection
	GlobalSection(ProjectConfigurationPlatforms) = postSolution
		{7D657E24-8901-D0F8-FF86-D9328311879E}.Debug|Any CPU.ActiveCfg = Debug|Any CPU
		{7D657E24-8901-D0F8-FF86-D9328311879E}.Debug|Any CPU.Build.0 = Debug|Any CPU
		{7D657E24-8901-D0F8-FF86-D9328311879E}.Release|Any CPU.ActiveCfg = Release|Any CPU
		{7D657E24-8901-D0F8-FF86-D9328311879E}.Release|Any CPU.Build.0 = Release|Any CPU
	EndGlobalSection
	GlobalSection(SolutionProperties) = preSolution
		HideSolutionNode = FALSE
	EndGlobalSection
	GlobalSection(ExtensibilityGlobals) = postSolution
		SolutionGuid = {BFCB31EB-9B5C-4957-A09D-F82179C9031E}
	EndGlobalSection
EndGlobal
